# This file is automatically @generated by Cargo.
# It is not intended for manual editing.
version = 4

[[package]]
name = "eth"
version = "0.2.0"
dependencies = [
 "eth-valkyoth-codec",
 "eth-valkyoth-evm",
 "eth-valkyoth-primitives",
 "eth-valkyoth-protocol",
 "eth-valkyoth-reth",
 "eth-valkyoth-rpc",
 "eth-valkyoth-signer",
 "eth-valkyoth-testkit",
 "eth-valkyoth-verify",
]

[[package]]
name = "eth-valkyoth-codec"
version = "0.2.0"

[[package]]
name = "eth-valkyoth-evm"
version = "0.2.0"

[[package]]
name = "eth-valkyoth-primitives"
version = "0.2.0"
dependencies = [
 "subtle",
]

[[package]]
name = "eth-valkyoth-protocol"
version = "0.2.0"
dependencies = [
 "eth-valkyoth-primitives",
]

[[package]]
name = "eth-valkyoth-reth"
version = "0.2.0"

[[package]]
name = "eth-valkyoth-rpc"
version = "0.2.0"

[[package]]
name = "eth-valkyoth-signer"
version = "0.2.0"
dependencies = [
 "eth-valkyoth-primitives",
]

[[package]]
name = "eth-valkyoth-testkit"
version = "0.2.0"

[[package]]
name = "eth-valkyoth-verify"
version = "0.2.0"
dependencies = [
 "eth-valkyoth-primitives",
]

[[package]]
name = "subtle"
version = "2.6.1"
source = "registry+https://github.com/rust-lang/crates.io-index"
checksum = "13c2bddecc57b384dee18652358fb23172facb8a2c51ccc10d74c157bdea3292"
