# This file is automatically @generated by Cargo.
# It is not intended for manual editing.
version = 4

[[package]]
name = "eth"
version = "0.1.0"
dependencies = [
 "eth-codec",
 "eth-evm",
 "eth-primitives",
 "eth-protocol",
 "eth-reth",
 "eth-rpc",
 "eth-signer",
 "eth-testkit",
 "eth-verify",
]

[[package]]
name = "eth-codec"
version = "0.1.0"

[[package]]
name = "eth-evm"
version = "0.1.0"

[[package]]
name = "eth-primitives"
version = "0.1.0"

[[package]]
name = "eth-protocol"
version = "0.1.0"
dependencies = [
 "eth-primitives",
]

[[package]]
name = "eth-reth"
version = "0.1.0"

[[package]]
name = "eth-rpc"
version = "0.1.0"

[[package]]
name = "eth-signer"
version = "0.1.0"
dependencies = [
 "eth-primitives",
]

[[package]]
name = "eth-testkit"
version = "0.1.0"

[[package]]
name = "eth-verify"
version = "0.1.0"
dependencies = [
 "eth-primitives",
]
