# This file is automatically @generated by Cargo.
# It is not intended for manual editing.
version = 4

[[package]]
name = "eth"
version = "0.17.0"
dependencies = [
 "eth-valkyoth-codec",
 "eth-valkyoth-evm",
 "eth-valkyoth-hash",
 "eth-valkyoth-primitives",
 "eth-valkyoth-protocol",
 "eth-valkyoth-reth",
 "eth-valkyoth-rpc",
 "eth-valkyoth-sanitization",
 "eth-valkyoth-signer",
 "eth-valkyoth-testkit",
 "eth-valkyoth-verify",
]

[[package]]
name = "eth-valkyoth-codec"
version = "0.16.0"

[[package]]
name = "eth-valkyoth-derive"
version = "0.16.1"
dependencies = [
 "proc-macro2",
 "quote",
 "syn",
]

[[package]]
name = "eth-valkyoth-evm"
version = "0.7.0"

[[package]]
name = "eth-valkyoth-hash"
version = "0.10.0"
dependencies = [
 "eth-valkyoth-primitives",
]

[[package]]
name = "eth-valkyoth-primitives"
version = "0.10.1"
dependencies = [
 "eth-valkyoth-codec",
 "subtle",
]

[[package]]
name = "eth-valkyoth-protocol"
version = "0.17.0"
dependencies = [
 "eth-valkyoth-codec",
 "eth-valkyoth-primitives",
]

[[package]]
name = "eth-valkyoth-reth"
version = "0.7.0"

[[package]]
name = "eth-valkyoth-rpc"
version = "0.7.0"

[[package]]
name = "eth-valkyoth-sanitization"
version = "0.7.1"
dependencies = [
 "eth-valkyoth-derive",
 "sanitization",
]

[[package]]
name = "eth-valkyoth-signer"
version = "0.7.0"
dependencies = [
 "eth-valkyoth-primitives",
]

[[package]]
name = "eth-valkyoth-testkit"
version = "0.7.0"

[[package]]
name = "eth-valkyoth-verify"
version = "0.7.0"
dependencies = [
 "eth-valkyoth-primitives",
]

[[package]]
name = "proc-macro2"
version = "1.0.106"
source = "registry+https://github.com/rust-lang/crates.io-index"
checksum = "8fd00f0bb2e90d81d1044c2b32617f68fcb9fa3bb7640c23e9c748e53fb30934"
dependencies = [
 "unicode-ident",
]

[[package]]
name = "quote"
version = "1.0.46"
source = "registry+https://github.com/rust-lang/crates.io-index"
checksum = "dfbc457d0c7a0759a614551b11a6409e5951f6c7537be1f1b7682b9ae9230368"
dependencies = [
 "proc-macro2",
]

[[package]]
name = "sanitization"
version = "1.2.2"
source = "registry+https://github.com/rust-lang/crates.io-index"
checksum = "e917ba6e3d60c9756acda8f7e4b5958984b2fb1d7eb501c71e07f04da8c20413"
dependencies = [
 "zeroize",
]

[[package]]
name = "subtle"
version = "2.6.1"
source = "registry+https://github.com/rust-lang/crates.io-index"
checksum = "13c2bddecc57b384dee18652358fb23172facb8a2c51ccc10d74c157bdea3292"

[[package]]
name = "syn"
version = "2.0.118"
source = "registry+https://github.com/rust-lang/crates.io-index"
checksum = "1b9ae57f904213ebb649ce6895b8a66c66f0203b9319718f69a5612a065b1422"
dependencies = [
 "proc-macro2",
 "quote",
 "unicode-ident",
]

[[package]]
name = "unicode-ident"
version = "1.0.24"
source = "registry+https://github.com/rust-lang/crates.io-index"
checksum = "e6e4313cd5fcd3dad5cafa179702e2b244f760991f45397d14d4ebf38247da75"

[[package]]
name = "zeroize"
version = "1.9.0"
source = "registry+https://github.com/rust-lang/crates.io-index"
checksum = "e13c156562582aa81c60cb29407084cdb54c4164760106ab78e6c5b0858cf64e"
